
Microsoft Visual Studio Solution File, Format Version 12.00
# Visual Studio Version 17
VisualStudioVersion = 17.8.34525.116
MinimumVisualStudioVersion = 10.0.40219.1
Project("{FAE04EC0-301F-11D3-BF4B-00C04F79EFBC}") = "PostgresDBConn", "PostgresDBConn.csproj", "{5A885CF6-BA1A-49F0-8C08-9EC47FAA5EFF}"
EndProject
Global
	GlobalSection(SolutionConfigurationPlatforms) = preSolution
		Debug|Any CPU = Debug|Any CPU
		Release|Any CPU = Release|Any CPU
	EndGlobalSection
	GlobalSection(ProjectConfigurationPlatforms) = postSolution
		{5A885CF6-BA1A-49F0-8C08-9EC47FAA5EFF}.Debug|Any CPU.ActiveCfg = Debug|Any CPU
		{5A885CF6-BA1A-49F0-8C08-9EC47FAA5EFF}.Debug|Any CPU.Build.0 = Debug|Any CPU
		{5A885CF6-BA1A-49F0-8C08-9EC47FAA5EFF}.Release|Any CPU.ActiveCfg = Release|Any CPU
		{5A885CF6-BA1A-49F0-8C08-9EC47FAA5EFF}.Release|Any CPU.Build.0 = Release|Any CPU
	EndGlobalSection
	GlobalSection(SolutionProperties) = preSolution
		HideSolutionNode = FALSE
	EndGlobalSection
	GlobalSection(ExtensibilityGlobals) = postSolution
		SolutionGuid = {5A03ED87-71DF-46C7-B105-B5570B1D98A1}
	EndGlobalSection
EndGlobal
